<?xml version="1.0" encoding="utf-8"?>
<Project ToolsVersion="4.0" xmlns="http://schemas.microsoft.com/developer/msbuild/2003">
  <ItemGroup>
    <Filter Include="ソース ファイル">
      <UniqueIdentifier>{4FC737F1-C7A5-4376-A066-2A32D752A2FF}</UniqueIdentifier>
      <Extensions>cpp;c;cc;cxx;c++;cppm;ixx;def;odl;idl;hpj;bat;asm;asmx</Extensions>
    </Filter>
    <Filter Include="ヘッダー ファイル">
      <UniqueIdentifier>{93995380-89BD-4b04-88EB-625FBE52EBFB}</UniqueIdentifier>
      <Extensions>h;hh;hpp;hxx;h++;hm;inl;inc;ipp;xsd</Extensions>
    </Filter>
    <Filter Include="リソース ファイル">
      <UniqueIdentifier>{67DA6AB6-F800-4c08-8B7A-83BB121AAD01}</UniqueIdentifier>
      <Extensions>rc;ico;cur;bmp;dlg;rc2;rct;bin;rgs;gif;jpg;jpeg;jpe;resx;tiff;tif;png;wav;mfcribbon-ms</Extensions>
    </Filter>
    <Filter Include="framework">
      <UniqueIdentifier>{0ea814bd-3438-4310-8d0a-3438fa4706b6}</UniqueIdentifier>
    </Filter>
    <Filter Include="framework\directX">
      <UniqueIdentifier>{fa061c33-ce0e-4fe2-a53f-0f56529e2156}</UniqueIdentifier>
    </Filter>
    <Filter Include="public">
      <UniqueIdentifier>{d523f397-833d-4ff9-babc-7f68be0a5808}</UniqueIdentifier>
    </Filter>
    <Filter Include="public\scene">
      <UniqueIdentifier>{b9658068-a6aa-46bc-8bce-d7d53c80883e}</UniqueIdentifier>
    </Filter>
    <Filter Include="shader">
      <UniqueIdentifier>{f2363705-c82a-4d9a-b643-425e4afadf76}</UniqueIdentifier>
    </Filter>
    <Filter Include="public\MainScript">
      <UniqueIdentifier>{b6e2c827-f3d9-4630-a111-51bad7e0bb5e}</UniqueIdentifier>
    </Filter>
    <Filter Include="public\MainScript\Block">
      <UniqueIdentifier>{60162182-441d-4397-9b8a-2f7916c4fae7}</UniqueIdentifier>
    </Filter>
    <Filter Include="public\MainScript\Bullet">
      <UniqueIdentifier>{ec1a898b-375c-4e31-b234-6670d6b0bb6a}</UniqueIdentifier>
    </Filter>
    <Filter Include="public\MainScript\Character">
      <UniqueIdentifier>{ff035046-0ae6-4fd9-b24f-3314991d9890}</UniqueIdentifier>
    </Filter>
    <Filter Include="public\MainScript\Experience">
      <UniqueIdentifier>{3667dfc1-3f6f-419a-9bfa-17d6ec68ab56}</UniqueIdentifier>
    </Filter>
    <Filter Include="public\MainScript\Scene">
      <UniqueIdentifier>{ab98420f-98f1-484a-9873-1793e689eb94}</UniqueIdentifier>
    </Filter>
    <Filter Include="public\MainScript\Sound">
      <UniqueIdentifier>{2634a957-aa8a-4170-b134-c8e923531392}</UniqueIdentifier>
    </Filter>
    <Filter Include="public\MainScript\UI">
      <UniqueIdentifier>{bb047069-50dc-4d48-bb76-60ffa6d9c8af}</UniqueIdentifier>
    </Filter>
    <Filter Include="public\MainScript\Character\Enemy">
      <UniqueIdentifier>{0ac79f43-d9e0-4548-a9dd-97e02d09acda}</UniqueIdentifier>
    </Filter>
    <Filter Include="public\MainScript\Character\Player">
      <UniqueIdentifier>{206c5523-c54c-40a8-aaf4-149e96e63070}</UniqueIdentifier>
    </Filter>
  </ItemGroup>
  <ItemGroup>
    <ClInclude Include="framework.h">
      <Filter>ヘッダー ファイル</Filter>
    </ClInclude>
    <ClInclude Include="targetver.h">
      <Filter>ヘッダー ファイル</Filter>
    </ClInclude>
    <ClInclude Include="Resource.h">
      <Filter>ヘッダー ファイル</Filter>
    </ClInclude>
    <ClInclude Include="vn_framework3D_2025.h">
      <Filter>ヘッダー ファイル</Filter>
    </ClInclude>
    <ClInclude Include="framework\directX\vn_Direct2D.h">
      <Filter>framework\directX</Filter>
    </ClInclude>
    <ClInclude Include="framework\directX\vn_Direct3D.h">
      <Filter>framework\directX</Filter>
    </ClInclude>
    <ClInclude Include="framework\directX\vn_DirectInput.h">
      <Filter>framework\directX</Filter>
    </ClInclude>
    <ClInclude Include="framework\directX\vn_shader.h">
      <Filter>framework\directX</Filter>
    </ClInclude>
    <ClInclude Include="framework\directX\vn_XAudio2.h">
      <Filter>framework\directX</Filter>
    </ClInclude>
    <ClInclude Include="framework\directX\vn_XInput.h">
      <Filter>framework\directX</Filter>
    </ClInclude>
    <ClInclude Include="framework\vn_environment.h">
      <Filter>framework</Filter>
    </ClInclude>
    <ClInclude Include="framework\vn_font.h">
      <Filter>framework</Filter>
    </ClInclude>
    <ClInclude Include="framework\vn_joystick.h">
      <Filter>framework</Filter>
    </ClInclude>
    <ClInclude Include="framework\vn_keyboard.h">
      <Filter>framework</Filter>
    </ClInclude>
    <ClInclude Include="framework\vn_mainframe.h">
      <Filter>framework</Filter>
    </ClInclude>
    <ClInclude Include="framework\vn_mouse.h">
      <Filter>framework</Filter>
    </ClInclude>
    <ClInclude Include="framework\vn_sound.h">
      <Filter>framework</Filter>
    </ClInclude>
    <ClInclude Include="public\scene\scene_table.h">
      <Filter>public\scene</Filter>
    </ClInclude>
    <ClInclude Include="public\scene\vn_scene.h">
      <Filter>public\scene</Filter>
    </ClInclude>
    <ClInclude Include="public\vn_sprite.h">
      <Filter>public</Filter>
    </ClInclude>
    <ClInclude Include="framework\vn_camera.h">
      <Filter>framework</Filter>
    </ClInclude>
    <ClInclude Include="framework\vn_light.h">
      <Filter>framework</Filter>
    </ClInclude>
    <ClInclude Include="framework\vn_debugDraw.h">
      <Filter>framework</Filter>
    </ClInclude>
    <ClInclude Include="public\vn_model.h">
      <Filter>public</Filter>
    </ClInclude>
    <ClInclude Include="public\vn_object.h">
      <Filter>public</Filter>
    </ClInclude>
    <ClInclude Include="public\vn_billboard.h">
      <Filter>public\scene</Filter>
    </ClInclude>
    <ClInclude Include="public\vn_collide.h">
      <Filter>public</Filter>
    </ClInclude>
    <ClInclude Include="public\vn_effect.h">
      <Filter>public</Filter>
    </ClInclude>
    <ClInclude Include="public\vn_character.h">
      <Filter>public</Filter>
    </ClInclude>
    <ClInclude Include="framework\vn_resourceLoader.h">
      <Filter>framework</Filter>
    </ClInclude>
    <ClInclude Include="public\MainScript\Block\BlockManager.h">
      <Filter>public\MainScript\Block</Filter>
    </ClInclude>
    <ClInclude Include="public\MainScript\Block\TerrainBlock.h">
      <Filter>public\MainScript\Block</Filter>
    </ClInclude>
    <ClInclude Include="public\MainScript\common.h">
      <Filter>public\MainScript</Filter>
    </ClInclude>
    <ClInclude Include="public\MainScript\WaveManager.h">
      <Filter>public\MainScript</Filter>
    </ClInclude>
    <ClInclude Include="public\MainScript\Bullet\Bullet.h">
      <Filter>public\MainScript\Bullet</Filter>
    </ClInclude>
    <ClInclude Include="public\MainScript\Character\Enemy\EnemyAIDebug.h">
      <Filter>public\MainScript\Character\Enemy</Filter>
    </ClInclude>
    <ClInclude Include="public\MainScript\Character\Enemy\EnemyGhost.h">
      <Filter>public\MainScript\Character\Enemy</Filter>
    </ClInclude>
    <ClInclude Include="public\MainScript\Character\Enemy\EnemyMushroomMon.h">
      <Filter>public\MainScript\Character\Enemy</Filter>
    </ClInclude>
    <ClInclude Include="public\MainScript\Character\Enemy\EnemyPool.h">
      <Filter>public\MainScript\Character\Enemy</Filter>
    </ClInclude>
    <ClInclude Include="public\MainScript\Character\Enemy\NewEnemyClass.h">
      <Filter>public\MainScript\Character\Enemy</Filter>
    </ClInclude>
    <ClInclude Include="public\MainScript\Character\Player\newPlayerClass.h">
      <Filter>public\MainScript\Character\Player</Filter>
    </ClInclude>
    <ClInclude Include="public\MainScript\Character\CharacterBase.h">
      <Filter>public\MainScript\Character</Filter>
    </ClInclude>
    <ClInclude Include="public\MainScript\Character\CollisionComponent.h">
      <Filter>public\MainScript\Character</Filter>
    </ClInclude>
    <ClInclude Include="public\MainScript\Character\RigidbodyComponent.h">
      <Filter>public\MainScript\Character</Filter>
    </ClInclude>
    <ClInclude Include="public\MainScript\Experience\ExperienceManager.h">
      <Filter>public\MainScript\Experience</Filter>
    </ClInclude>
    <ClInclude Include="public\MainScript\UI\UpgradeSelectionUI.h">
      <Filter>public\MainScript\UI</Filter>
    </ClInclude>
    <ClInclude Include="public\MainScript\Scene\scene_main.h">
      <Filter>public\MainScript\Scene</Filter>
    </ClInclude>
    <ClInclude Include="public\MainScript\Scene\scene_title.h">
      <Filter>public\MainScript\Scene</Filter>
    </ClInclude>
    <ClInclude Include="public\MainScript\Sound\SoundManager.h">
      <Filter>public\MainScript\Sound</Filter>
    </ClInclude>
  </ItemGroup>
  <ItemGroup>
    <ClCompile Include="vn_framework3D_2025.cpp">
      <Filter>ソース ファイル</Filter>
    </ClCompile>
    <ClCompile Include="framework\directX\vn_Direct2D.cpp">
      <Filter>framework\directX</Filter>
    </ClCompile>
    <ClCompile Include="framework\directX\vn_Direct3D.cpp">
      <Filter>framework\directX</Filter>
    </ClCompile>
    <ClCompile Include="framework\directX\vn_DirectInput.cpp">
      <Filter>framework\directX</Filter>
    </ClCompile>
    <ClCompile Include="framework\directX\vn_shader.cpp">
      <Filter>framework\directX</Filter>
    </ClCompile>
    <ClCompile Include="framework\directX\vn_XAudio2.cpp">
      <Filter>framework\directX</Filter>
    </ClCompile>
    <ClCompile Include="framework\directX\vn_XInput.cpp">
      <Filter>framework\directX</Filter>
    </ClCompile>
    <ClCompile Include="framework\vn_font.cpp">
      <Filter>framework</Filter>
    </ClCompile>
    <ClCompile Include="framework\vn_joystick.cpp">
      <Filter>framework</Filter>
    </ClCompile>
    <ClCompile Include="framework\vn_keyboard.cpp">
      <Filter>framework</Filter>
    </ClCompile>
    <ClCompile Include="framework\vn_mainframe.cpp">
      <Filter>framework</Filter>
    </ClCompile>
    <ClCompile Include="framework\vn_mouse.cpp">
      <Filter>framework</Filter>
    </ClCompile>
    <ClCompile Include="framework\vn_sound.cpp">
      <Filter>framework</Filter>
    </ClCompile>
    <ClCompile Include="public\scene\scene_table.cpp">
      <Filter>public\scene</Filter>
    </ClCompile>
    <ClCompile Include="public\scene\vn_scene.cpp">
      <Filter>public\scene</Filter>
    </ClCompile>
    <ClCompile Include="public\vn_sprite.cpp">
      <Filter>public</Filter>
    </ClCompile>
    <ClCompile Include="framework\vn_camera.cpp">
      <Filter>framework</Filter>
    </ClCompile>
    <ClCompile Include="framework\vn_light.cpp">
      <Filter>framework</Filter>
    </ClCompile>
    <ClCompile Include="framework\vn_debugDraw.cpp">
      <Filter>framework</Filter>
    </ClCompile>
    <ClCompile Include="public\vn_model.cpp">
      <Filter>public</Filter>
    </ClCompile>
    <ClCompile Include="public\vn_object.cpp">
      <Filter>public</Filter>
    </ClCompile>
    <ClCompile Include="public\vn_billboard.cpp">
      <Filter>public\scene</Filter>
    </ClCompile>
    <ClCompile Include="public\vn_collide.cpp">
      <Filter>public</Filter>
    </ClCompile>
    <ClCompile Include="public\vn_effect.cpp">
      <Filter>public</Filter>
    </ClCompile>
    <ClCompile Include="public\vn_character.cpp">
      <Filter>public</Filter>
    </ClCompile>
    <ClCompile Include="framework\vn_resourceLoader.cpp">
      <Filter>framework</Filter>
    </ClCompile>
    <ClCompile Include="public\MainScript\Block\BlockManager.cpp">
      <Filter>public\MainScript\Block</Filter>
    </ClCompile>
    <ClCompile Include="public\MainScript\Block\TerrainBlock.cpp">
      <Filter>public\MainScript\Block</Filter>
    </ClCompile>
    <ClCompile Include="public\MainScript\common.cpp">
      <Filter>public\MainScript</Filter>
    </ClCompile>
    <ClCompile Include="public\MainScript\WaveManager.cpp">
      <Filter>public\MainScript</Filter>
    </ClCompile>
    <ClCompile Include="public\MainScript\Bullet\Bullet.cpp">
      <Filter>public\MainScript\Bullet</Filter>
    </ClCompile>
    <ClCompile Include="public\MainScript\Character\Enemy\EnemyAIDebug.cpp">
      <Filter>public\MainScript\Character\Enemy</Filter>
    </ClCompile>
    <ClCompile Include="public\MainScript\Character\Enemy\EnemyGhost.cpp">
      <Filter>public\MainScript\Character\Enemy</Filter>
    </ClCompile>
    <ClCompile Include="public\MainScript\Character\Enemy\EnemyMushroomMon.cpp">
      <Filter>public\MainScript\Character\Enemy</Filter>
    </ClCompile>
    <ClCompile Include="public\MainScript\Character\Enemy\EnemyPool.cpp">
      <Filter>public\MainScript\Character\Enemy</Filter>
    </ClCompile>
    <ClCompile Include="public\MainScript\Character\Enemy\NewEnemyClass.cpp">
      <Filter>public\MainScript\Character\Enemy</Filter>
    </ClCompile>
    <ClCompile Include="public\MainScript\Character\Player\newPlayerClass.cpp">
      <Filter>public\MainScript\Character\Player</Filter>
    </ClCompile>
    <ClCompile Include="public\MainScript\Character\CharacterBase.cpp">
      <Filter>public\MainScript\Character</Filter>
    </ClCompile>
    <ClCompile Include="public\MainScript\Character\CollisionComponent.cpp">
      <Filter>public\MainScript\Character</Filter>
    </ClCompile>
    <ClCompile Include="public\MainScript\Character\RigidbodyComponent.cpp">
      <Filter>public\MainScript\Character</Filter>
    </ClCompile>
    <ClCompile Include="public\MainScript\Experience\ExperienceManager.cpp">
      <Filter>public\MainScript\Experience</Filter>
    </ClCompile>
    <ClCompile Include="public\MainScript\UI\UpgradeSelectionUI.cpp">
      <Filter>public\MainScript\UI</Filter>
    </ClCompile>
    <ClCompile Include="public\MainScript\Scene\scene_main.cpp">
      <Filter>public\MainScript\Scene</Filter>
    </ClCompile>
    <ClCompile Include="public\MainScript\Scene\scene_title.cpp">
      <Filter>public\MainScript\Scene</Filter>
    </ClCompile>
    <ClCompile Include="public\MainScript\Sound\SoundManager.cpp">
      <Filter>public\MainScript\Sound</Filter>
    </ClCompile>
  </ItemGroup>
  <ItemGroup>
    <ResourceCompile Include="vn_framework3D_2025.rc">
      <Filter>リソース ファイル</Filter>
    </ResourceCompile>
  </ItemGroup>
  <ItemGroup>
    <Image Include="small.ico">
      <Filter>リソース ファイル</Filter>
    </Image>
    <Image Include="vn_framework3D_2025.ico">
      <Filter>リソース ファイル</Filter>
    </Image>
  </ItemGroup>
  <ItemGroup>
    <FxCompile Include="shader\ps_2d.psh">
      <Filter>shader</Filter>
    </FxCompile>
    <FxCompile Include="shader\vs_2d.vsh">
      <Filter>shader</Filter>
    </FxCompile>
    <FxCompile Include="shader\ps_3d_cube.psh">
      <Filter>shader</Filter>
    </FxCompile>
    <FxCompile Include="shader\vs_3d_cube.vsh">
      <Filter>shader</Filter>
    </FxCompile>
    <FxCompile Include="shader\ps_3d_line.psh">
      <Filter>shader</Filter>
    </FxCompile>
    <FxCompile Include="shader\vs_3d_line.vsh">
      <Filter>shader</Filter>
    </FxCompile>
    <FxCompile Include="shader\ps_3d.psh">
      <Filter>shader</Filter>
    </FxCompile>
    <FxCompile Include="shader\vs_3d.vsh">
      <Filter>shader</Filter>
    </FxCompile>
    <FxCompile Include="shader\ps_3d_nolight.psh">
      <Filter>shader</Filter>
    </FxCompile>
    <FxCompile Include="shader\vs_3d_nolight.vsh">
      <Filter>shader</Filter>
    </FxCompile>
  </ItemGroup>
</Project>