<?xml version="1.0" encoding="utf-8"?>
<Project ToolsVersion="4.0" xmlns="http://schemas.microsoft.com/developer/msbuild/2003">
  <ItemGroup>
    <Filter Include="ソース ファイル">
      <UniqueIdentifier>{4FC737F1-C7A5-4376-A066-2A32D752A2FF}</UniqueIdentifier>
      <Extensions>cpp;c;cc;cxx;c++;cppm;ixx;def;odl;idl;hpj;bat;asm;asmx</Extensions>
    </Filter>
    <Filter Include="ヘッダー ファイル">
      <UniqueIdentifier>{93995380-89BD-4b04-88EB-625FBE52EBFB}</UniqueIdentifier>
      <Extensions>h;hh;hpp;hxx;h++;hm;inl;inc;ipp;xsd</Extensions>
    </Filter>
    <Filter Include="リソース ファイル">
      <UniqueIdentifier>{67DA6AB6-F800-4c08-8B7A-83BB121AAD01}</UniqueIdentifier>
      <Extensions>rc;ico;cur;bmp;dlg;rc2;rct;bin;rgs;gif;jpg;jpeg;jpe;resx;tiff;tif;png;wav;mfcribbon-ms</Extensions>
    </Filter>
    <Filter Include="framework">
      <UniqueIdentifier>{0ea814bd-3438-4310-8d0a-3438fa4706b6}</UniqueIdentifier>
    </Filter>
    <Filter Include="framework\directX">
      <UniqueIdentifier>{fa061c33-ce0e-4fe2-a53f-0f56529e2156}</UniqueIdentifier>
    </Filter>
    <Filter Include="public">
      <UniqueIdentifier>{d523f397-833d-4ff9-babc-7f68be0a5808}</UniqueIdentifier>
    </Filter>
    <Filter Include="public\scene">
      <UniqueIdentifier>{b9658068-a6aa-46bc-8bce-d7d53c80883e}</UniqueIdentifier>
    </Filter>
    <Filter Include="shader">
      <UniqueIdentifier>{f2363705-c82a-4d9a-b643-425e4afadf76}</UniqueIdentifier>
    </Filter>
    <Filter Include="public\MainScript">
      <UniqueIdentifier>{60768818-bbb9-4c21-aa2c-f3538931a687}</UniqueIdentifier>
    </Filter>
    <Filter Include="public\MainScript\Enemy">
      <UniqueIdentifier>{bfae0c3f-9a12-4f45-b31d-925ac3ef2b6f}</UniqueIdentifier>
    </Filter>
    <Filter Include="public\MainScript\Block">
      <UniqueIdentifier>{b2b0697d-d5b5-44d7-8115-30a7bbcace6b}</UniqueIdentifier>
    </Filter>
    <Filter Include="public\MainScript\Experience">
      <UniqueIdentifier>{c9230176-b1a2-4f76-a177-e55bf7e41de9}</UniqueIdentifier>
    </Filter>
    <Filter Include="public\MainScript\Bullet">
      <UniqueIdentifier>{8af2b732-1d18-4f3c-97c1-6db82926fd0e}</UniqueIdentifier>
    </Filter>
    <Filter Include="public\MainScript\UI">
      <UniqueIdentifier>{5bdc31e7-8f72-44ed-9cb3-8fb52cbf730c}</UniqueIdentifier>
    </Filter>
    <Filter Include="public\MainScript\Sound">
      <UniqueIdentifier>{d25f34dd-2cb9-4f54-afd9-d12bc18e5bcb}</UniqueIdentifier>
    </Filter>
  </ItemGroup>
  <ItemGroup>
    <ClInclude Include="framework.h">
      <Filter>ヘッダー ファイル</Filter>
    </ClInclude>
    <ClInclude Include="targetver.h">
      <Filter>ヘッダー ファイル</Filter>
    </ClInclude>
    <ClInclude Include="Resource.h">
      <Filter>ヘッダー ファイル</Filter>
    </ClInclude>
    <ClInclude Include="vn_framework3D_2025.h">
      <Filter>ヘッダー ファイル</Filter>
    </ClInclude>
    <ClInclude Include="framework\directX\vn_Direct2D.h">
      <Filter>framework\directX</Filter>
    </ClInclude>
    <ClInclude Include="framework\directX\vn_Direct3D.h">
      <Filter>framework\directX</Filter>
    </ClInclude>
    <ClInclude Include="framework\directX\vn_DirectInput.h">
      <Filter>framework\directX</Filter>
    </ClInclude>
    <ClInclude Include="framework\directX\vn_shader.h">
      <Filter>framework\directX</Filter>
    </ClInclude>
    <ClInclude Include="framework\directX\vn_XAudio2.h">
      <Filter>framework\directX</Filter>
    </ClInclude>
    <ClInclude Include="framework\directX\vn_XInput.h">
      <Filter>framework\directX</Filter>
    </ClInclude>
    <ClInclude Include="framework\vn_environment.h">
      <Filter>framework</Filter>
    </ClInclude>
    <ClInclude Include="framework\vn_font.h">
      <Filter>framework</Filter>
    </ClInclude>
    <ClInclude Include="framework\vn_joystick.h">
      <Filter>framework</Filter>
    </ClInclude>
    <ClInclude Include="framework\vn_keyboard.h">
      <Filter>framework</Filter>
    </ClInclude>
    <ClInclude Include="framework\vn_mainframe.h">
      <Filter>framework</Filter>
    </ClInclude>
    <ClInclude Include="framework\vn_mouse.h">
      <Filter>framework</Filter>
    </ClInclude>
    <ClInclude Include="framework\vn_sound.h">
      <Filter>framework</Filter>
    </ClInclude>
    <ClInclude Include="public\scene\scene_boot.h">
      <Filter>public\scene</Filter>
    </ClInclude>
    <ClInclude Include="public\scene\scene_table.h">
      <Filter>public\scene</Filter>
    </ClInclude>
    <ClInclude Include="public\scene\vn_scene.h">
      <Filter>public\scene</Filter>
    </ClInclude>
    <ClInclude Include="public\vn_sprite.h">
      <Filter>public</Filter>
    </ClInclude>
    <ClInclude Include="framework\vn_camera.h">
      <Filter>framework</Filter>
    </ClInclude>
    <ClInclude Include="framework\vn_light.h">
      <Filter>framework</Filter>
    </ClInclude>
    <ClInclude Include="framework\vn_debugDraw.h">
      <Filter>framework</Filter>
    </ClInclude>
    <ClInclude Include="public\vn_model.h">
      <Filter>public</Filter>
    </ClInclude>
    <ClInclude Include="public\vn_object.h">
      <Filter>public</Filter>
    </ClInclude>
    <ClInclude Include="public\vn_billboard.h">
      <Filter>public\scene</Filter>
    </ClInclude>
    <ClInclude Include="public\vn_collide.h">
      <Filter>public</Filter>
    </ClInclude>
    <ClInclude Include="public\common.h">
      <Filter>public</Filter>
    </ClInclude>
    <ClInclude Include="public\vn_effect.h">
      <Filter>public</Filter>
    </ClInclude>
    <ClInclude Include="public\vn_character.h">
      <Filter>public</Filter>
    </ClInclude>
    <ClInclude Include="public\RigidbodyComponent.h">
      <Filter>public\MainScript</Filter>
    </ClInclude>
    <ClInclude Include="public\scene\scene_main.h">
      <Filter>public\MainScript</Filter>
    </ClInclude>
    <ClInclude Include="public\EnemyPool.h">
      <Filter>public\MainScript</Filter>
    </ClInclude>
    <ClInclude Include="public\WaveManager.h">
      <Filter>public\MainScript</Filter>
    </ClInclude>
    <ClInclude Include="public\scene\scene_title.h">
      <Filter>public\MainScript</Filter>
    </ClInclude>
    <ClInclude Include="public\CharacterBase.h">
      <Filter>public\MainScript</Filter>
    </ClInclude>
    <ClInclude Include="public\newPlayerClass.h">
      <Filter>public\MainScript</Filter>
    </ClInclude>
    <ClInclude Include="public\CollisionComponent.h">
      <Filter>public\MainScript</Filter>
    </ClInclude>
    <ClInclude Include="public\NewEnemyClass.h">
      <Filter>public\MainScript</Filter>
    </ClInclude>
    <ClInclude Include="public\EnemyGhost.h">
      <Filter>public\MainScript\Enemy</Filter>
    </ClInclude>
    <ClInclude Include="public\EnemyMushroomMon.h">
      <Filter>public\MainScript\Enemy</Filter>
    </ClInclude>
    <ClInclude Include="public\BlockManager.h">
      <Filter>public\MainScript\Block</Filter>
    </ClInclude>
    <ClInclude Include="public\TerrainBlock.h">
      <Filter>public\MainScript\Block</Filter>
    </ClInclude>
    <ClInclude Include="public\ExperienceManager.h">
      <Filter>public\MainScript\Experience</Filter>
    </ClInclude>
    <ClInclude Include="public\Bullet.h">
      <Filter>public\MainScript\Bullet</Filter>
    </ClInclude>
    <ClInclude Include="public\UpgradeSelectionUI.h">
      <Filter>public\MainScript\UI</Filter>
    </ClInclude>
    <ClInclude Include="public\EnemyAIDebug.h">
      <Filter>public\MainScript\Enemy</Filter>
    </ClInclude>
    <ClInclude Include="public\SoundManager.h">
      <Filter>public\MainScript\Sound</Filter>
    </ClInclude>
    <ClInclude Include="framework\vn_resourceLoader.h">
      <Filter>framework</Filter>
    </ClInclude>
  </ItemGroup>
  <ItemGroup>
    <ClCompile Include="vn_framework3D_2025.cpp">
      <Filter>ソース ファイル</Filter>
    </ClCompile>
    <ClCompile Include="framework\directX\vn_Direct2D.cpp">
      <Filter>framework\directX</Filter>
    </ClCompile>
    <ClCompile Include="framework\directX\vn_Direct3D.cpp">
      <Filter>framework\directX</Filter>
    </ClCompile>
    <ClCompile Include="framework\directX\vn_DirectInput.cpp">
      <Filter>framework\directX</Filter>
    </ClCompile>
    <ClCompile Include="framework\directX\vn_shader.cpp">
      <Filter>framework\directX</Filter>
    </ClCompile>
    <ClCompile Include="framework\directX\vn_XAudio2.cpp">
      <Filter>framework\directX</Filter>
    </ClCompile>
    <ClCompile Include="framework\directX\vn_XInput.cpp">
      <Filter>framework\directX</Filter>
    </ClCompile>
    <ClCompile Include="framework\vn_font.cpp">
      <Filter>framework</Filter>
    </ClCompile>
    <ClCompile Include="framework\vn_joystick.cpp">
      <Filter>framework</Filter>
    </ClCompile>
    <ClCompile Include="framework\vn_keyboard.cpp">
      <Filter>framework</Filter>
    </ClCompile>
    <ClCompile Include="framework\vn_mainframe.cpp">
      <Filter>framework</Filter>
    </ClCompile>
    <ClCompile Include="framework\vn_mouse.cpp">
      <Filter>framework</Filter>
    </ClCompile>
    <ClCompile Include="framework\vn_sound.cpp">
      <Filter>framework</Filter>
    </ClCompile>
    <ClCompile Include="public\scene\scene_boot.cpp">
      <Filter>public\scene</Filter>
    </ClCompile>
    <ClCompile Include="public\scene\scene_table.cpp">
      <Filter>public\scene</Filter>
    </ClCompile>
    <ClCompile Include="public\scene\vn_scene.cpp">
      <Filter>public\scene</Filter>
    </ClCompile>
    <ClCompile Include="public\vn_sprite.cpp">
      <Filter>public</Filter>
    </ClCompile>
    <ClCompile Include="framework\vn_camera.cpp">
      <Filter>framework</Filter>
    </ClCompile>
    <ClCompile Include="framework\vn_light.cpp">
      <Filter>framework</Filter>
    </ClCompile>
    <ClCompile Include="framework\vn_debugDraw.cpp">
      <Filter>framework</Filter>
    </ClCompile>
    <ClCompile Include="public\vn_model.cpp">
      <Filter>public</Filter>
    </ClCompile>
    <ClCompile Include="public\vn_object.cpp">
      <Filter>public</Filter>
    </ClCompile>
    <ClCompile Include="public\vn_billboard.cpp">
      <Filter>public\scene</Filter>
    </ClCompile>
    <ClCompile Include="public\vn_collide.cpp">
      <Filter>public</Filter>
    </ClCompile>
    <ClCompile Include="public\common.cpp">
      <Filter>public</Filter>
    </ClCompile>
    <ClCompile Include="public\vn_effect.cpp">
      <Filter>public</Filter>
    </ClCompile>
    <ClCompile Include="public\vn_character.cpp">
      <Filter>public</Filter>
    </ClCompile>
    <ClCompile Include="public\RigidbodyComponent.cpp">
      <Filter>public\MainScript</Filter>
    </ClCompile>
    <ClCompile Include="public\scene\scene_main.cpp">
      <Filter>public\MainScript</Filter>
    </ClCompile>
    <ClCompile Include="public\EnemyPool.cpp">
      <Filter>public\MainScript</Filter>
    </ClCompile>
    <ClCompile Include="public\WaveManager.cpp">
      <Filter>public\MainScript</Filter>
    </ClCompile>
    <ClCompile Include="public\scene\scene_title.cpp">
      <Filter>public\MainScript</Filter>
    </ClCompile>
    <ClCompile Include="public\CharacterBase.cpp">
      <Filter>public\MainScript</Filter>
    </ClCompile>
    <ClCompile Include="public\newPlayerClass.cpp">
      <Filter>public\MainScript</Filter>
    </ClCompile>
    <ClCompile Include="public\CollisionComponent.cpp">
      <Filter>public\MainScript</Filter>
    </ClCompile>
    <ClCompile Include="public\NewEnemyClass.cpp">
      <Filter>public\MainScript</Filter>
    </ClCompile>
    <ClCompile Include="public\EnemyGhost.cpp">
      <Filter>public\MainScript\Enemy</Filter>
    </ClCompile>
    <ClCompile Include="public\EnemyMushroomMon.cpp">
      <Filter>public\MainScript\Enemy</Filter>
    </ClCompile>
    <ClCompile Include="public\BlockManager.cpp">
      <Filter>public\MainScript\Block</Filter>
    </ClCompile>
    <ClCompile Include="public\TerrainBlock.cpp">
      <Filter>public\MainScript\Block</Filter>
    </ClCompile>
    <ClCompile Include="public\ExperienceManager.cpp">
      <Filter>public\MainScript\Experience</Filter>
    </ClCompile>
    <ClCompile Include="public\Bullet.cpp">
      <Filter>public\MainScript\Bullet</Filter>
    </ClCompile>
    <ClCompile Include="public\UpgradeSelectionUI.cpp">
      <Filter>public\MainScript\UI</Filter>
    </ClCompile>
    <ClCompile Include="public\EnemyAIDebug.cpp">
      <Filter>public\MainScript\Enemy</Filter>
    </ClCompile>
    <ClCompile Include="public\SoundManager.cpp">
      <Filter>public\MainScript\Sound</Filter>
    </ClCompile>
    <ClCompile Include="framework\vn_resourceLoader.cpp">
      <Filter>framework</Filter>
    </ClCompile>
  </ItemGroup>
  <ItemGroup>
    <ResourceCompile Include="vn_framework3D_2025.rc">
      <Filter>リソース ファイル</Filter>
    </ResourceCompile>
  </ItemGroup>
  <ItemGroup>
    <Image Include="small.ico">
      <Filter>リソース ファイル</Filter>
    </Image>
    <Image Include="vn_framework3D_2025.ico">
      <Filter>リソース ファイル</Filter>
    </Image>
  </ItemGroup>
  <ItemGroup>
    <FxCompile Include="shader\ps_2d.psh">
      <Filter>shader</Filter>
    </FxCompile>
    <FxCompile Include="shader\vs_2d.vsh">
      <Filter>shader</Filter>
    </FxCompile>
    <FxCompile Include="shader\ps_3d_cube.psh">
      <Filter>shader</Filter>
    </FxCompile>
    <FxCompile Include="shader\vs_3d_cube.vsh">
      <Filter>shader</Filter>
    </FxCompile>
    <FxCompile Include="shader\ps_3d_line.psh">
      <Filter>shader</Filter>
    </FxCompile>
    <FxCompile Include="shader\vs_3d_line.vsh">
      <Filter>shader</Filter>
    </FxCompile>
    <FxCompile Include="shader\ps_3d.psh">
      <Filter>shader</Filter>
    </FxCompile>
    <FxCompile Include="shader\vs_3d.vsh">
      <Filter>shader</Filter>
    </FxCompile>
    <FxCompile Include="shader\ps_3d_nolight.psh">
      <Filter>shader</Filter>
    </FxCompile>
    <FxCompile Include="shader\vs_3d_nolight.vsh">
      <Filter>shader</Filter>
    </FxCompile>
  </ItemGroup>
</Project>